
Microsoft Visual Studio Solution File, Format Version 12.00
# Visual Studio Version 17
VisualStudioVersion = 17.7.34031.279
MinimumVisualStudioVersion = 10.0.40219.1
Project("{FAE04EC0-301F-11D3-BF4B-00C04F79EFBC}") = "Notas", "Notas\Notas.csproj", "{8C3E7F17-FD48-429A-BF2B-1F6ABFC0FDA7}"
EndProject
Global
	GlobalSection(SolutionConfigurationPlatforms) = preSolution
		Debug|Any CPU = Debug|Any CPU
		Release|Any CPU = Release|Any CPU
	EndGlobalSection
	GlobalSection(ProjectConfigurationPlatforms) = postSolution
		{8C3E7F17-FD48-429A-BF2B-1F6ABFC0FDA7}.Debug|Any CPU.ActiveCfg = Debug|Any CPU
		{8C3E7F17-FD48-429A-BF2B-1F6ABFC0FDA7}.Debug|Any CPU.Build.0 = Debug|Any CPU
		{8C3E7F17-FD48-429A-BF2B-1F6ABFC0FDA7}.Release|Any CPU.ActiveCfg = Release|Any CPU
		{8C3E7F17-FD48-429A-BF2B-1F6ABFC0FDA7}.Release|Any CPU.Build.0 = Release|Any CPU
	EndGlobalSection
	GlobalSection(SolutionProperties) = preSolution
		HideSolutionNode = FALSE
	EndGlobalSection
	GlobalSection(ExtensibilityGlobals) = postSolution
		SolutionGuid = {E1602663-4DED-4E28-83B4-9902E7158130}
	EndGlobalSection
EndGlobal
